// !$*UTF8*$!
{
	archiveVersion = 1;
	classes = {
	};
	objectVersion = 46;
	objects = {

/* Begin PBXBuildFile section */
		7525430D1D80577F00C457A1 /* ImagePresentable.swift in Sources */ = {isa = PBXBuildFile; fileRef = 7525430C1D80577F00C457A1 /* ImagePresentable.swift */; };
		7525430F1D805A5100C457A1 /* SettingsViewControllerTableViewDataSource.swift in Sources */ = {isa = PBXBuildFile; fileRef = 7525430E1D805A5100C457A1 /* SettingsViewControllerTableViewDataSource.swift */; };
		752543111D805DB100C457A1 /* CaseCountable.swift in Sources */ = {isa = PBXBuildFile; fileRef = 752543101D805DB100C457A1 /* CaseCountable.swift */; };
		75DAAD6F1D800CDB00BAC0FE /* AppDelegate.swift in Sources */ = {isa = PBXBuildFile; fileRef = 75DAAD6E1D800CDB00BAC0FE /* AppDelegate.swift */; };
		75DAAD711D800CDB00BAC0FE /* SettingsViewController.swift in Sources */ = {isa = PBXBuildFile; fileRef = 75DAAD701D800CDB00BAC0FE /* SettingsViewController.swift */; };
		75DAAD741D800CDB00BAC0FE /* Main.storyboard in Resources */ = {isa = PBXBuildFile; fileRef = 75DAAD721D800CDB00BAC0FE /* Main.storyboard */; };
		75DAAD761D800CDB00BAC0FE /* Assets.xcassets in Resources */ = {isa = PBXBuildFile; fileRef = 75DAAD751D800CDB00BAC0FE /* Assets.xcassets */; };
		75DAAD791D800CDB00BAC0FE /* LaunchScreen.storyboard in Resources */ = {isa = PBXBuildFile; fileRef = 75DAAD771D800CDB00BAC0FE /* LaunchScreen.storyboard */; };
		75DAAD841D80124100BAC0FE /* SwitchWithTextTableViewCell.swift in Sources */ = {isa = PBXBuildFile; fileRef = 75DAAD831D80124100BAC0FE /* SwitchWithTextTableViewCell.swift */; };
		75DAAD871D80172D00BAC0FE /* CellReuseIdentifierlabel.swift in Sources */ = {isa = PBXBuildFile; fileRef = 75DAAD861D80172D00BAC0FE /* CellReuseIdentifierlabel.swift */; };
		75DAAD8A1D8017AA00BAC0FE /* MinionModeViewModel.swift in Sources */ = {isa = PBXBuildFile; fileRef = 75DAAD891D8017AA00BAC0FE /* MinionModeViewModel.swift */; };
		75DAAD8D1D80192D00BAC0FE /* TextPresentable.swift in Sources */ = {isa = PBXBuildFile; fileRef = 75DAAD8C1D80192D00BAC0FE /* TextPresentable.swift */; };
		75DAAD911D801BB100BAC0FE /* SwitchPresentable.swift in Sources */ = {isa = PBXBuildFile; fileRef = 75DAAD901D801BB100BAC0FE /* SwitchPresentable.swift */; };
/* End PBXBuildFile section */

/* Begin PBXFileReference section */
		7525430C1D80577F00C457A1 /* ImagePresentable.swift */ = {isa = PBXFileReference; fileEncoding = 4; lastKnownFileType = sourcecode.swift; path = ImagePresentable.swift; sourceTree = "<group>"; };
		7525430E1D805A5100C457A1 /* SettingsViewControllerTableViewDataSource.swift */ = {isa = PBXFileReference; fileEncoding = 4; lastKnownFileType = sourcecode.swift; path = SettingsViewControllerTableViewDataSource.swift; sourceTree = "<group>"; };
		752543101D805DB100C457A1 /* CaseCountable.swift */ = {isa = PBXFileReference; fileEncoding = 4; lastKnownFileType = sourcecode.swift; path = CaseCountable.swift; sourceTree = "<group>"; };
		75DAAD6B1D800CDB00BAC0FE /* MVVM-Example.app */ = {isa = PBXFileReference; explicitFileType = wrapper.application; includeInIndex = 0; path = "MVVM-Example.app"; sourceTree = BUILT_PRODUCTS_DIR; };
		75DAAD6E1D800CDB00BAC0FE /* AppDelegate.swift */ = {isa = PBXFileReference; lastKnownFileType = sourcecode.swift; path = AppDelegate.swift; sourceTree = "<group>"; };
		75DAAD701D800CDB00BAC0FE /* SettingsViewController.swift */ = {isa = PBXFileReference; lastKnownFileType = sourcecode.swift; path = SettingsViewController.swift; sourceTree = "<group>"; };
		75DAAD731D800CDB00BAC0FE /* Base */ = {isa = PBXFileReference; lastKnownFileType = file.storyboard; name = Base; path = Base.lproj/Main.storyboard; sourceTree = "<group>"; };
		75DAAD751D800CDB00BAC0FE /* Assets.xcassets */ = {isa = PBXFileReference; lastKnownFileType = folder.assetcatalog; path = Assets.xcassets; sourceTree = "<group>"; };
		75DAAD781D800CDB00BAC0FE /* Base */ = {isa = PBXFileReference; lastKnownFileType = file.storyboard; name = Base; path = Base.lproj/LaunchScreen.storyboard; sourceTree = "<group>"; };
		75DAAD7A1D800CDB00BAC0FE /* Info.plist */ = {isa = PBXFileReference; lastKnownFileType = text.plist.xml; path = Info.plist; sourceTree = "<group>"; };
		75DAAD831D80124100BAC0FE /* SwitchWithTextTableViewCell.swift */ = {isa = PBXFileReference; fileEncoding = 4; lastKnownFileType = sourcecode.swift; path = SwitchWithTextTableViewCell.swift; sourceTree = "<group>"; };
		75DAAD861D80172D00BAC0FE /* CellReuseIdentifierlabel.swift */ = {isa = PBXFileReference; fileEncoding = 4; lastKnownFileType = sourcecode.swift; path = CellReuseIdentifierlabel.swift; sourceTree = "<group>"; };
		75DAAD891D8017AA00BAC0FE /* MinionModeViewModel.swift */ = {isa = PBXFileReference; fileEncoding = 4; lastKnownFileType = sourcecode.swift; path = MinionModeViewModel.swift; sourceTree = "<group>"; };
		75DAAD8C1D80192D00BAC0FE /* TextPresentable.swift */ = {isa = PBXFileReference; fileEncoding = 4; lastKnownFileType = sourcecode.swift; path = TextPresentable.swift; sourceTree = "<group>"; };
		75DAAD901D801BB100BAC0FE /* SwitchPresentable.swift */ = {isa = PBXFileReference; fileEncoding = 4; lastKnownFileType = sourcecode.swift; path = SwitchPresentable.swift; sourceTree = "<group>"; };
/* End PBXFileReference section */

/* Begin PBXFrameworksBuildPhase section */
		75DAAD681D800CDB00BAC0FE /* Frameworks */ = {
			isa = PBXFrameworksBuildPhase;
			buildActionMask = 2147483647;
			files = (
			);
			runOnlyForDeploymentPostprocessing = 0;
		};
/* End PBXFrameworksBuildPhase section */

/* Begin PBXGroup section */
		75DAAD621D800CDB00BAC0FE = {
			isa = PBXGroup;
			children = (
				75DAAD6D1D800CDB00BAC0FE /* MVVM-Example */,
				75DAAD6C1D800CDB00BAC0FE /* Products */,
			);
			sourceTree = "<group>";
		};
		75DAAD6C1D800CDB00BAC0FE /* Products */ = {
			isa = PBXGroup;
			children = (
				75DAAD6B1D800CDB00BAC0FE /* MVVM-Example.app */,
			);
			name = Products;
			sourceTree = "<group>";
		};
		75DAAD6D1D800CDB00BAC0FE /* MVVM-Example */ = {
			isa = PBXGroup;
			children = (
				75DAAD6E1D800CDB00BAC0FE /* AppDelegate.swift */,
				75DAAD821D800DBC00BAC0FE /* Controllers */,
				75DAAD8B1D8017B100BAC0FE /* Model */,
				75DAAD881D80174800BAC0FE /* Protocols */,
				75DAAD851D80124800BAC0FE /* View */,
				75DAAD801D800D7A00BAC0FE /* Assets */,
				75DAAD811D800D8000BAC0FE /* Supporting Files */,
			);
			path = "MVVM-Example";
			sourceTree = "<group>";
		};
		75DAAD801D800D7A00BAC0FE /* Assets */ = {
			isa = PBXGroup;
			children = (
				75DAAD721D800CDB00BAC0FE /* Main.storyboard */,
				75DAAD751D800CDB00BAC0FE /* Assets.xcassets */,
				75DAAD771D800CDB00BAC0FE /* LaunchScreen.storyboard */,
			);
			name = Assets;
			sourceTree = "<group>";
		};
		75DAAD811D800D8000BAC0FE /* Supporting Files */ = {
			isa = PBXGroup;
			children = (
				75DAAD7A1D800CDB00BAC0FE /* Info.plist */,
			);
			name = "Supporting Files";
			sourceTree = "<group>";
		};
		75DAAD821D800DBC00BAC0FE /* Controllers */ = {
			isa = PBXGroup;
			children = (
				75DAAD701D800CDB00BAC0FE /* SettingsViewController.swift */,
				7525430E1D805A5100C457A1 /* SettingsViewControllerTableViewDataSource.swift */,
			);
			name = Controllers;
			sourceTree = "<group>";
		};
		75DAAD851D80124800BAC0FE /* View */ = {
			isa = PBXGroup;
			children = (
				75DAAD831D80124100BAC0FE /* SwitchWithTextTableViewCell.swift */,
			);
			name = View;
			sourceTree = "<group>";
		};
		75DAAD881D80174800BAC0FE /* Protocols */ = {
			isa = PBXGroup;
			children = (
				75DAAD8C1D80192D00BAC0FE /* TextPresentable.swift */,
				75DAAD901D801BB100BAC0FE /* SwitchPresentable.swift */,
				7525430C1D80577F00C457A1 /* ImagePresentable.swift */,
				75DAAD861D80172D00BAC0FE /* CellReuseIdentifierlabel.swift */,
				752543101D805DB100C457A1 /* CaseCountable.swift */,
			);
			name = Protocols;
			sourceTree = "<group>";
		};
		75DAAD8B1D8017B100BAC0FE /* Model */ = {
			isa = PBXGroup;
			children = (
				75DAAD891D8017AA00BAC0FE /* MinionModeViewModel.swift */,
			);
			name = Model;
			sourceTree = "<group>";
		};
/* End PBXGroup section */

/* Begin PBXNativeTarget section */
		75DAAD6A1D800CDB00BAC0FE /* MVVM-Example */ = {
			isa = PBXNativeTarget;
			buildConfigurationList = 75DAAD7D1D800CDB00BAC0FE /* Build configuration list for PBXNativeTarget "MVVM-Example" */;
			buildPhases = (
				75DAAD671D800CDB00BAC0FE /* Sources */,
				75DAAD681D800CDB00BAC0FE /* Frameworks */,
				75DAAD691D800CDB00BAC0FE /* Resources */,
			);
			buildRules = (
			);
			dependencies = (
			);
			name = "MVVM-Example";
			productName = "MVVM-Example";
			productReference = 75DAAD6B1D800CDB00BAC0FE /* MVVM-Example.app */;
			productType = "com.apple.product-type.application";
		};
/* End PBXNativeTarget section */

/* Begin PBXProject section */
		75DAAD631D800CDB00BAC0FE /* Project object */ = {
			isa = PBXProject;
			attributes = {
				LastSwiftUpdateCheck = 0800;
				LastUpgradeCheck = 0800;
				ORGANIZATIONNAME = "Ivan Magda";
				TargetAttributes = {
					75DAAD6A1D800CDB00BAC0FE = {
						CreatedOnToolsVersion = 8.0;
						DevelopmentTeam = 6UNHY8UY6E;
						ProvisioningStyle = Automatic;
					};
				};
			};
			buildConfigurationList = 75DAAD661D800CDB00BAC0FE /* Build configuration list for PBXProject "MVVM-Example" */;
			compatibilityVersion = "Xcode 3.2";
			developmentRegion = English;
			hasScannedForEncodings = 0;
			knownRegions = (
				en,
				Base,
			);
			mainGroup = 75DAAD621D800CDB00BAC0FE;
			productRefGroup = 75DAAD6C1D800CDB00BAC0FE /* Products */;
			projectDirPath = "";
			projectRoot = "";
			targets = (
				75DAAD6A1D800CDB00BAC0FE /* MVVM-Example */,
			);
		};
/* End PBXProject section */

/* Begin PBXResourcesBuildPhase section */
		75DAAD691D800CDB00BAC0FE /* Resources */ = {
			isa = PBXResourcesBuildPhase;
			buildActionMask = 2147483647;
			files = (
				75DAAD791D800CDB00BAC0FE /* LaunchScreen.storyboard in Resources */,
				75DAAD761D800CDB00BAC0FE /* Assets.xcassets in Resources */,
				75DAAD741D800CDB00BAC0FE /* Main.storyboard in Resources */,
			);
			runOnlyForDeploymentPostprocessing = 0;
		};
/* End PBXResourcesBuildPhase section */

/* Begin PBXSourcesBuildPhase section */
		75DAAD671D800CDB00BAC0FE /* Sources */ = {
			isa = PBXSourcesBuildPhase;
			buildActionMask = 2147483647;
			files = (
				7525430F1D805A5100C457A1 /* SettingsViewControllerTableViewDataSource.swift in Sources */,
				75DAAD871D80172D00BAC0FE /* CellReuseIdentifierlabel.swift in Sources */,
				7525430D1D80577F00C457A1 /* ImagePresentable.swift in Sources */,
				75DAAD911D801BB100BAC0FE /* SwitchPresentable.swift in Sources */,
				75DAAD711D800CDB00BAC0FE /* SettingsViewController.swift in Sources */,
				752543111D805DB100C457A1 /* CaseCountable.swift in Sources */,
				75DAAD841D80124100BAC0FE /* SwitchWithTextTableViewCell.swift in Sources */,
				75DAAD8D1D80192D00BAC0FE /* TextPresentable.swift in Sources */,
				75DAAD8A1D8017AA00BAC0FE /* MinionModeViewModel.swift in Sources */,
				75DAAD6F1D800CDB00BAC0FE /* AppDelegate.swift in Sources */,
			);
			runOnlyForDeploymentPostprocessing = 0;
		};
/* End PBXSourcesBuildPhase section */

/* Begin PBXVariantGroup section */
		75DAAD721D800CDB00BAC0FE /* Main.storyboard */ = {
			isa = PBXVariantGroup;
			children = (
				75DAAD731D800CDB00BAC0FE /* Base */,
			);
			name = Main.storyboard;
			sourceTree = "<group>";
		};
		75DAAD771D800CDB00BAC0FE /* LaunchScreen.storyboard */ = {
			isa = PBXVariantGroup;
			children = (
				75DAAD781D800CDB00BAC0FE /* Base */,
			);
			name = LaunchScreen.storyboard;
			sourceTree = "<group>";
		};
/* End PBXVariantGroup section */

/* Begin XCBuildConfiguration section */
		75DAAD7B1D800CDB00BAC0FE /* Debug */ = {
			isa = XCBuildConfiguration;
			buildSettings = {
				ALWAYS_SEARCH_USER_PATHS = NO;
				CLANG_ANALYZER_NONNULL = YES;
				CLANG_CXX_LANGUAGE_STANDARD = "gnu++0x";
				CLANG_CXX_LIBRARY = "libc++";
				CLANG_ENABLE_MODULES = YES;
				CLANG_ENABLE_OBJC_ARC = YES;
				CLANG_WARN_BOOL_CONVERSION = YES;
				CLANG_WARN_CONSTANT_CONVERSION = YES;
				CLANG_WARN_DIRECT_OBJC_ISA_USAGE = YES_ERROR;
				CLANG_WARN_DOCUMENTATION_COMMENTS = YES;
				CLANG_WARN_EMPTY_BODY = YES;
				CLANG_WARN_ENUM_CONVERSION = YES;
				CLANG_WARN_INFINITE_RECURSION = YES;
				CLANG_WARN_INT_CONVERSION = YES;
				CLANG_WARN_OBJC_ROOT_CLASS = YES_ERROR;
				CLANG_WARN_SUSPICIOUS_MOVES = YES;
				CLANG_WARN_UNREACHABLE_CODE = YES;
				CLANG_WARN__DUPLICATE_METHOD_MATCH = YES;
				"CODE_SIGN_IDENTITY[sdk=iphoneos*]" = "iPhone Developer";
				COPY_PHASE_STRIP = NO;
				DEBUG_INFORMATION_FORMAT = dwarf;
				ENABLE_STRICT_OBJC_MSGSEND = YES;
				ENABLE_TESTABILITY = YES;
				GCC_C_LANGUAGE_STANDARD = gnu99;
				GCC_DYNAMIC_NO_PIC = NO;
				GCC_NO_COMMON_BLOCKS = YES;
				GCC_OPTIMIZATION_LEVEL = 0;
				GCC_PREPROCESSOR_DEFINITIONS = (
					"DEBUG=1",
					"$(inherited)",
				);
				GCC_WARN_64_TO_32_BIT_CONVERSION = YES;
				GCC_WARN_ABOUT_RETURN_TYPE = YES_ERROR;
				GCC_WARN_UNDECLARED_SELECTOR = YES;
				GCC_WARN_UNINITIALIZED_AUTOS = YES_AGGRESSIVE;
				GCC_WARN_UNUSED_FUNCTION = YES;
				GCC_WARN_UNUSED_VARIABLE = YES;
				IPHONEOS_DEPLOYMENT_TARGET = 10.0;
				MTL_ENABLE_DEBUG_INFO = YES;
				ONLY_ACTIVE_ARCH = YES;
				SDKROOT = iphoneos;
				SWIFT_ACTIVE_COMPILATION_CONDITIONS = DEBUG;
				SWIFT_OPTIMIZATION_LEVEL = "-Onone";
				TARGETED_DEVICE_FAMILY = "1,2";
			};
			name = Debug;
		};
		75DAAD7C1D800CDB00BAC0FE /* Release */ = {
			isa = XCBuildConfiguration;
			buildSettings = {
				ALWAYS_SEARCH_USER_PATHS = NO;
				CLANG_ANALYZER_NONNULL = YES;
				CLANG_CXX_LANGUAGE_STANDARD = "gnu++0x";
				CLANG_CXX_LIBRARY = "libc++";
				CLANG_ENABLE_MODULES = YES;
				CLANG_ENABLE_OBJC_ARC = YES;
				CLANG_WARN_BOOL_CONVERSION = YES;
				CLANG_WARN_CONSTANT_CONVERSION = YES;
				CLANG_WARN_DIRECT_OBJC_ISA_USAGE = YES_ERROR;
				CLANG_WARN_DOCUMENTATION_COMMENTS = YES;
				CLANG_WARN_EMPTY_BODY = YES;
				CLANG_WARN_ENUM_CONVERSION = YES;
				CLANG_WARN_INFINITE_RECURSION = YES;
				CLANG_WARN_INT_CONVERSION = YES;
				CLANG_WARN_OBJC_ROOT_CLASS = YES_ERROR;
				CLANG_WARN_SUSPICIOUS_MOVES = YES;
				CLANG_WARN_UNREACHABLE_CODE = YES;
				CLANG_WARN__DUPLICATE_METHOD_MATCH = YES;
				"CODE_SIGN_IDENTITY[sdk=iphoneos*]" = "iPhone Developer";
				COPY_PHASE_STRIP = NO;
				DEBUG_INFORMATION_FORMAT = "dwarf-with-dsym";
				ENABLE_NS_ASSERTIONS = NO;
				ENABLE_STRICT_OBJC_MSGSEND = YES;
				GCC_C_LANGUAGE_STANDARD = gnu99;
				GCC_NO_COMMON_BLOCKS = YES;
				GCC_WARN_64_TO_32_BIT_CONVERSION = YES;
				GCC_WARN_ABOUT_RETURN_TYPE = YES_ERROR;
				GCC_WARN_UNDECLARED_SELECTOR = YES;
				GCC_WARN_UNINITIALIZED_AUTOS = YES_AGGRESSIVE;
				GCC_WARN_UNUSED_FUNCTION = YES;
				GCC_WARN_UNUSED_VARIABLE = YES;
				IPHONEOS_DEPLOYMENT_TARGET = 10.0;
				MTL_ENABLE_DEBUG_INFO = NO;
				SDKROOT = iphoneos;
				SWIFT_OPTIMIZATION_LEVEL = "-Owholemodule";
				TARGETED_DEVICE_FAMILY = "1,2";
				VALIDATE_PRODUCT = YES;
			};
			name = Release;
		};
		75DAAD7E1D800CDB00BAC0FE /* Debug */ = {
			isa = XCBuildConfiguration;
			buildSettings = {
				ASSETCATALOG_COMPILER_APPICON_NAME = AppIcon;
				DEVELOPMENT_TEAM = 6UNHY8UY6E;
				INFOPLIST_FILE = "MVVM-Example/Info.plist";
				IPHONEOS_DEPLOYMENT_TARGET = 8.0;
				LD_RUNPATH_SEARCH_PATHS = "$(inherited) @executable_path/Frameworks";
				PRODUCT_BUNDLE_IDENTIFIER = "com.ivanmagda.MVVM-Example";
				PRODUCT_NAME = "$(TARGET_NAME)";
				SWIFT_VERSION = 3.0;
			};
			name = Debug;
		};
		75DAAD7F1D800CDB00BAC0FE /* Release */ = {
			isa = XCBuildConfiguration;
			buildSettings = {
				ASSETCATALOG_COMPILER_APPICON_NAME = AppIcon;
				DEVELOPMENT_TEAM = 6UNHY8UY6E;
				INFOPLIST_FILE = "MVVM-Example/Info.plist";
				IPHONEOS_DEPLOYMENT_TARGET = 8.0;
				LD_RUNPATH_SEARCH_PATHS = "$(inherited) @executable_path/Frameworks";
				PRODUCT_BUNDLE_IDENTIFIER = "com.ivanmagda.MVVM-Example";
				PRODUCT_NAME = "$(TARGET_NAME)";
				SWIFT_VERSION = 3.0;
			};
			name = Release;
		};
/* End XCBuildConfiguration section */

/* Begin XCConfigurationList section */
		75DAAD661D800CDB00BAC0FE /* Build configuration list for PBXProject "MVVM-Example" */ = {
			isa = XCConfigurationList;
			buildConfigurations = (
				75DAAD7B1D800CDB00BAC0FE /* Debug */,
				75DAAD7C1D800CDB00BAC0FE /* Release */,
			);
			defaultConfigurationIsVisible = 0;
			defaultConfigurationName = Release;
		};
		75DAAD7D1D800CDB00BAC0FE /* Build configuration list for PBXNativeTarget "MVVM-Example" */ = {
			isa = XCConfigurationList;
			buildConfigurations = (
				75DAAD7E1D800CDB00BAC0FE /* Debug */,
				75DAAD7F1D800CDB00BAC0FE /* Release */,
			);
			defaultConfigurationIsVisible = 0;
			defaultConfigurationName = Release;
		};
/* End XCConfigurationList section */
	};
	rootObject = 75DAAD631D800CDB00BAC0FE /* Project object */;
}
